{
  "lockfile_version": "1",
  "packages": {
    "go@1.23.3": {
      "last_modified": "2024-11-16T04:25:12Z",
      "resolved": "github:NixOS/nixpkgs/34a626458d686f1b58139620a8b2793e9e123bba#go",
      "source": "devbox-search",
      "version": "1.23.3",
      "systems": {
        "aarch64-darwin": {
          "outputs": [
            {
              "name": "out",
              "path": "/nix/store/qrj2wp6vzfpjfrrlcmr22818zg83fb73-go-1.23.3",
              "default": true
            }
          ],
          "store_path": "/nix/store/qrj2wp6vzfpjfrrlcmr22818zg83fb73-go-1.23.3"
        },
        "aarch64-linux": {
          "outputs": [
            {
              "name": "out",
              "path": "/nix/store/dm66qyl19skrwcmk4rb9xcs64xc1d071-go-1.23.3",
              "default": true
            }
          ],
          "store_path": "/nix/store/dm66qyl19skrwcmk4rb9xcs64xc1d071-go-1.23.3"
        },
        "x86_64-darwin": {
          "outputs": [
            {
              "name": "out",
              "path": "/nix/store/vkjn6njpz4gy5ma763vh8hh93bgjwycr-go-1.23.3",
              "default": true
            }
          ],
          "store_path": "/nix/store/vkjn6njpz4gy5ma763vh8hh93bgjwycr-go-1.23.3"
        },
        "x86_64-linux": {
          "outputs": [
            {
              "name": "out",
              "path": "/nix/store/bavnchxi7v6xs077jxv7fl5rrqc3y87w-go-1.23.3",
              "default": true
            }
          ],
          "store_path": "/nix/store/bavnchxi7v6xs077jxv7fl5rrqc3y87w-go-1.23.3"
        }
      }
    },
    "k3d@5.7.4": {
      "last_modified": "2024-11-16T04:25:12Z",
      "resolved": "github:NixOS/nixpkgs/34a626458d686f1b58139620a8b2793e9e123bba#k3d",
      "source": "devbox-search",
      "version": "5.7.4",
      "systems": {
        "aarch64-darwin": {
          "outputs": [
            {
              "name": "out",
              "path": "/nix/store/xs38k82qjyaz1sp5wlr33km02x2w5jdc-k3d-5.7.4",
              "default": true
            }
          ],
          "store_path": "/nix/store/xs38k82qjyaz1sp5wlr33km02x2w5jdc-k3d-5.7.4"
        },
        "aarch64-linux": {
          "outputs": [
            {
              "name": "out",
              "path": "/nix/store/xdpkh9ajv7ixpcd4zskpcawwky5k2ghc-k3d-5.7.4",
              "default": true
            }
          ],
          "store_path": "/nix/store/xdpkh9ajv7ixpcd4zskpcawwky5k2ghc-k3d-5.7.4"
        },
        "x86_64-darwin": {
          "outputs": [
            {
              "name": "out",
              "path": "/nix/store/gsyjs7h4sa9hygxg2gihynfn6gvd87yw-k3d-5.7.4",
              "default": true
            }
          ],
          "store_path": "/nix/store/gsyjs7h4sa9hygxg2gihynfn6gvd87yw-k3d-5.7.4"
        },
        "x86_64-linux": {
          "outputs": [
            {
              "name": "out",
              "path": "/nix/store/sg2f9p417mzi57b55drkhms51msb7n37-k3d-5.7.4",
              "default": true
            }
          ],
          "store_path": "/nix/store/sg2f9p417mzi57b55drkhms51msb7n37-k3d-5.7.4"
        }
      }
    },
    "k9s@0.32.5": {
      "last_modified": "2024-11-16T04:25:12Z",
      "resolved": "github:NixOS/nixpkgs/34a626458d686f1b58139620a8b2793e9e123bba#k9s",
      "source": "devbox-search",
      "version": "0.32.5",
      "systems": {
        "aarch64-darwin": {
          "outputs": [
            {
              "name": "out",
              "path": "/nix/store/l6jkbgc4spqlpn7d4naxsrhgmk4gspvs-k9s-0.32.5",
              "default": true
            }
          ],
          "store_path": "/nix/store/l6jkbgc4spqlpn7d4naxsrhgmk4gspvs-k9s-0.32.5"
        },
        "aarch64-linux": {
          "outputs": [
            {
              "name": "out",
              "path": "/nix/store/hwjs39abc19jf30n3jfw4gjihbxqargx-k9s-0.32.5",
              "default": true
            }
          ],
          "store_path": "/nix/store/hwjs39abc19jf30n3jfw4gjihbxqargx-k9s-0.32.5"
        },
        "x86_64-darwin": {
          "outputs": [
            {
              "name": "out",
              "path": "/nix/store/dx0q0sva86kfl2z7k8k4i88jpn2p3bq2-k9s-0.32.5",
              "default": true
            }
          ],
          "store_path": "/nix/store/dx0q0sva86kfl2z7k8k4i88jpn2p3bq2-k9s-0.32.5"
        },
        "x86_64-linux": {
          "outputs": [
            {
              "name": "out",
              "path": "/nix/store/dcm12f47cmaqkhr8xca0nfab84sqadn6-k9s-0.32.5",
              "default": true
            }
          ],
          "store_path": "/nix/store/dcm12f47cmaqkhr8xca0nfab84sqadn6-k9s-0.32.5"
        }
      }
    },
    "kubectl@1.31.2": {
      "last_modified": "2024-11-16T04:25:12Z",
      "resolved": "github:NixOS/nixpkgs/34a626458d686f1b58139620a8b2793e9e123bba#kubectl",
      "source": "devbox-search",
      "version": "1.31.2",
      "systems": {
        "aarch64-darwin": {
          "outputs": [
            {
              "name": "out",
              "path": "/nix/store/4y0isz580qj1gprqihb39jzvq1h3ys8d-kubectl-1.31.2",
              "default": true
            },
            {
              "name": "man",
              "path": "/nix/store/yn7jsawkgab95ly8wjzm7qk4axins9c0-kubectl-1.31.2-man",
              "default": true
            },
            {
              "name": "convert",
              "path": "/nix/store/mgfqyq94gz2rlfg7kfyxjhlxpd88rrx1-kubectl-1.31.2-convert"
            }
          ],
          "store_path": "/nix/store/4y0isz580qj1gprqihb39jzvq1h3ys8d-kubectl-1.31.2"
        },
        "aarch64-linux": {
          "outputs": [
            {
              "name": "out",
              "path": "/nix/store/cmmrb7hbq8rpcvw5isasab3nn2bs0hf5-kubectl-1.31.2",
              "default": true
            },
            {
              "name": "man",
              "path": "/nix/store/zvncfs48dhhnpfxzmqj1dlgmc0lra96a-kubectl-1.31.2-man",
              "default": true
            },
            {
              "name": "convert",
              "path": "/nix/store/sxlxrk1msbp2djzpblqn1h2p73vfc5fs-kubectl-1.31.2-convert"
            }
          ],
          "store_path": "/nix/store/cmmrb7hbq8rpcvw5isasab3nn2bs0hf5-kubectl-1.31.2"
        },
        "x86_64-darwin": {
          "outputs": [
            {
              "name": "out",
              "path": "/nix/store/8dfd5d7i3q0jvqgzc2775kl8b5pbh7g9-kubectl-1.31.2",
              "default": true
            },
            {
              "name": "man",
              "path": "/nix/store/7rvlb9k6bs623m3f7k3ay52n9bx6id1h-kubectl-1.31.2-man",
              "default": true
            },
            {
              "name": "convert",
              "path": "/nix/store/d6yjj3akz8dddmjzp2hz2lyd1fwqaqq9-kubectl-1.31.2-convert"
            }
          ],
          "store_path": "/nix/store/8dfd5d7i3q0jvqgzc2775kl8b5pbh7g9-kubectl-1.31.2"
        },
        "x86_64-linux": {
          "outputs": [
            {
              "name": "out",
              "path": "/nix/store/wjr8vcdjb25ja1q3nvzwnzf5qg6iv8iy-kubectl-1.31.2",
              "default": true
            },
            {
              "name": "man",
              "path": "/nix/store/66mlhapc0wawjz2v05116nkp02lxinkx-kubectl-1.31.2-man",
              "default": true
            },
            {
              "name": "convert",
              "path": "/nix/store/44dsmqkr8c3lp4j417nshswcf0mpj9i5-kubectl-1.31.2-convert"
            }
          ],
          "store_path": "/nix/store/wjr8vcdjb25ja1q3nvzwnzf5qg6iv8iy-kubectl-1.31.2"
        }
      }
    },
    "kustomize@5.5.0": {
      "last_modified": "2024-11-16T04:25:12Z",
      "resolved": "github:NixOS/nixpkgs/34a626458d686f1b58139620a8b2793e9e123bba#kustomize",
      "source": "devbox-search",
      "version": "5.5.0",
      "systems": {
        "aarch64-darwin": {
          "outputs": [
            {
              "name": "out",
              "path": "/nix/store/97pzcar8sbmpd7mj2555iqr54lj3y0xb-kustomize-5.5.0",
              "default": true
            }
          ],
          "store_path": "/nix/store/97pzcar8sbmpd7mj2555iqr54lj3y0xb-kustomize-5.5.0"
        },
        "aarch64-linux": {
          "outputs": [
            {
              "name": "out",
              "path": "/nix/store/s9gszn1cqw4i7g34hm33w6ff7n0zi91j-kustomize-5.5.0",
              "default": true
            }
          ],
          "store_path": "/nix/store/s9gszn1cqw4i7g34hm33w6ff7n0zi91j-kustomize-5.5.0"
        },
        "x86_64-darwin": {
          "outputs": [
            {
              "name": "out",
              "path": "/nix/store/a5g11lri8g4kj8wawzy9vr2k9h02kmq6-kustomize-5.5.0",
              "default": true
            }
          ],
          "store_path": "/nix/store/a5g11lri8g4kj8wawzy9vr2k9h02kmq6-kustomize-5.5.0"
        },
        "x86_64-linux": {
          "outputs": [
            {
              "name": "out",
              "path": "/nix/store/xl8943vmy8169hri5igz0cqvl1d7z5mh-kustomize-5.5.0",
              "default": true
            }
          ],
          "store_path": "/nix/store/xl8943vmy8169hri5igz0cqvl1d7z5mh-kustomize-5.5.0"
        }
      }
    }
  }
}
